
Microsoft Visual Studio Solution File, Format Version 12.00
# Visual Studio Version 16
VisualStudioVersion = 16.0.29201.188
MinimumVisualStudioVersion = 10.0.40219.1
Project("{FAE04EC0-301F-11D3-BF4B-00C04F79EFBC}") = "PasswordRepository", "PasswordRepository\PasswordRepository.csproj", "{2EB647C6-1FBD-44D9-A4E5-6DE44AA152F7}"
EndProject
Global
	GlobalSection(SolutionConfigurationPlatforms) = preSolution
		Debug|Any CPU = Debug|Any CPU
		Release|Any CPU = Release|Any CPU
	EndGlobalSection
	GlobalSection(ProjectConfigurationPlatforms) = postSolution
		{2EB647C6-1FBD-44D9-A4E5-6DE44AA152F7}.Debug|Any CPU.ActiveCfg = Debug|Any CPU
		{2EB647C6-1FBD-44D9-A4E5-6DE44AA152F7}.Debug|Any CPU.Build.0 = Debug|Any CPU
		{2EB647C6-1FBD-44D9-A4E5-6DE44AA152F7}.Release|Any CPU.ActiveCfg = Release|Any CPU
		{2EB647C6-1FBD-44D9-A4E5-6DE44AA152F7}.Release|Any CPU.Build.0 = Release|Any CPU
	EndGlobalSection
	GlobalSection(SolutionProperties) = preSolution
		HideSolutionNode = FALSE
	EndGlobalSection
	GlobalSection(ExtensibilityGlobals) = postSolution
		SolutionGuid = {85E1971F-762E-4A34-9C51-52780D0809F2}
	EndGlobalSection
EndGlobal
